{
  "nodes": {
    "bootstrap-keys": {
      "flake": false,
      "locked": {
        "lastModified": 1757878231,
        "narHash": "sha256-sn+x/CT+c5lwZNQL3FRj8o+V0rZRK3OYL+zWnUUKEMg=",
        "path": "/home/zhenyu/.local/src/secrets",
        "type": "path"
      },
      "original": {
        "path": "/home/zhenyu/.local/src/secrets",
        "type": "path"
      }
    },
    "de": {
      "inputs": {
        "nixpkgs": [
          "nixpkgs"
        ]
      },
      "locked": {
        "lastModified": 1758182278,
        "narHash": "sha256-uQNX9EWRWcmJNYtlspr+TaD+XYcM0p187+GyZrEoTxA=",
        "owner": "ausbxuse",
        "repo": "de",
        "rev": "dc89cd8f6e268ce389b88f5c249bed659fe1aa01",
        "type": "github"
      },
      "original": {
        "owner": "ausbxuse",
        "repo": "de",
        "type": "github"
      }
    },
    "disko": {
      "inputs": {
        "nixpkgs": [
          "nixpkgs"
        ]
      },
      "locked": {
        "lastModified": 1757255839,
        "narHash": "sha256-XH33B1X888Xc/xEXhF1RPq/kzKElM0D5C9N6YdvOvIc=",
        "owner": "nix-community",
        "repo": "disko",
        "rev": "c8a0e78d86b12ea67be6ed0f7cae7f9bfabae75a",
        "type": "github"
      },
      "original": {
        "owner": "nix-community",
        "repo": "disko",
        "type": "github"
      }
    },
    "grub2-theme": {
      "inputs": {
        "nixpkgs": "nixpkgs"
      },
      "locked": {
        "lastModified": 1757136219,
        "narHash": "sha256-tKU+vq34KHu/A2wD7WdgP5A4/RCmSD8hB0TyQAUlixA=",
        "owner": "vinceliuice",
        "repo": "grub2-themes",
        "rev": "80dd04ddf3ba7b284a7b1a5df2b1e95ee2aad606",
        "type": "github"
      },
      "original": {
        "owner": "vinceliuice",
        "repo": "grub2-themes",
        "type": "github"
      }
    },
    "home-manager": {
      "inputs": {
        "nixpkgs": [
          "nixpkgs"
        ]
      },
      "locked": {
        "lastModified": 1757256385,
        "narHash": "sha256-WK7tOhWwr15mipcckhDg2no/eSpM1nIh4C9le8HgHhk=",
        "owner": "nix-community",
        "repo": "home-manager",
        "rev": "f35703b412c67b48e97beb6e27a6ab96a084cd37",
        "type": "github"
      },
      "original": {
        "owner": "nix-community",
        "repo": "home-manager",
        "type": "github"
      }
    },
    "minegrub": {
      "inputs": {
        "nixpkgs": "nixpkgs_2"
      },
      "locked": {
        "lastModified": 1752413064,
        "narHash": "sha256-bcWxBAAvf5hp0TmMbYrwU4SlBxc5sB/T2VsIBdX1gDk=",
        "owner": "Lxtharia",
        "repo": "minegrub-theme",
        "rev": "040b163268be6e7cf743ba990177525dc47ed944",
        "type": "github"
      },
      "original": {
        "owner": "Lxtharia",
        "repo": "minegrub-theme",
        "type": "github"
      }
    },
    "nix-secrets": {
      "flake": false,
      "locked": {
        "lastModified": 1757963031,
        "narHash": "sha256-uzzs3uSuodsKF3+qUEp1u5ERau9tg+EH3kmkcsSsV5Y=",
        "ref": "refs/heads/master",
        "rev": "3e5c96cfd1660d440be1f8235a4e0d6402798b11",
        "revCount": 5,
        "type": "git",
        "url": "ssh://git@zhenyuzhao.com/var/lib/git-server/nix-secrets"
      },
      "original": {
        "type": "git",
        "url": "ssh://git@zhenyuzhao.com/var/lib/git-server/nix-secrets"
      }
    },
    "nixlib": {
      "locked": {
        "lastModified": 1736643958,
        "narHash": "sha256-tmpqTSWVRJVhpvfSN9KXBvKEXplrwKnSZNAoNPf/S/s=",
        "owner": "nix-community",
        "repo": "nixpkgs.lib",
        "rev": "1418bc28a52126761c02dd3d89b2d8ca0f521181",
        "type": "github"
      },
      "original": {
        "owner": "nix-community",
        "repo": "nixpkgs.lib",
        "type": "github"
      }
    },
    "nixos-generators": {
      "inputs": {
        "nixlib": "nixlib",
        "nixpkgs": [
          "nixpkgs"
        ]
      },
      "locked": {
        "lastModified": 1751903740,
        "narHash": "sha256-PeSkNMvkpEvts+9DjFiop1iT2JuBpyknmBUs0Un0a4I=",
        "owner": "nix-community",
        "repo": "nixos-generators",
        "rev": "032decf9db65efed428afd2fa39d80f7089085eb",
        "type": "github"
      },
      "original": {
        "owner": "nix-community",
        "repo": "nixos-generators",
        "type": "github"
      }
    },
    "nixpkgs": {
      "locked": {
        "lastModified": 1757350627,
        "narHash": "sha256-XRzn/FpSWincpeseE+uS4I1j542zYln6cumI6Sc2Swc=",
        "owner": "NixOS",
        "repo": "nixpkgs",
        "rev": "d8c405df56e6edf170297a0cbcc6edc8a4f22771",
        "type": "github"
      },
      "original": {
        "owner": "NixOS",
        "ref": "master",
        "repo": "nixpkgs",
        "type": "github"
      }
    },
    "nixpkgs_2": {
      "locked": {
        "lastModified": 1689850295,
        "narHash": "sha256-fUYf6WdQlhd2H+3aR8jST5dhFH1d0eE22aes8fNIfyk=",
        "owner": "NixOS",
        "repo": "nixpkgs",
        "rev": "5df4d78d54f7a34e9ea1f84a22b4fd9baebc68d0",
        "type": "github"
      },
      "original": {
        "owner": "NixOS",
        "ref": "nixos-unstable",
        "repo": "nixpkgs",
        "type": "github"
      }
    },
    "nixpkgs_3": {
      "locked": {
        "lastModified": 1757068644,
        "narHash": "sha256-NOrUtIhTkIIumj1E/Rsv1J37Yi3xGStISEo8tZm3KW4=",
        "owner": "nixos",
        "repo": "nixpkgs",
        "rev": "8eb28adfa3dc4de28e792e3bf49fcf9007ca8ac9",
        "type": "github"
      },
      "original": {
        "owner": "nixos",
        "ref": "nixos-unstable",
        "repo": "nixpkgs",
        "type": "github"
      }
    },
    "nixpkgs_4": {
      "locked": {
        "lastModified": 1757034884,
        "narHash": "sha256-PgLSZDBEWUHpfTRfFyklmiiLBE1i1aGCtz4eRA3POao=",
        "owner": "NixOS",
        "repo": "nixpkgs",
        "rev": "ca77296380960cd497a765102eeb1356eb80fed0",
        "type": "github"
      },
      "original": {
        "id": "nixpkgs",
        "type": "indirect"
      }
    },
    "root": {
      "inputs": {
        "bootstrap-keys": "bootstrap-keys",
        "de": "de",
        "disko": "disko",
        "grub2-theme": "grub2-theme",
        "home-manager": "home-manager",
        "minegrub": "minegrub",
        "nix-secrets": "nix-secrets",
        "nixos-generators": "nixos-generators",
        "nixpkgs": "nixpkgs_3",
        "sops-nix": "sops-nix",
        "stardict": "stardict",
        "wallpapers": "wallpapers",
        "zsh-better-prompt": "zsh-better-prompt"
      }
    },
    "sops-nix": {
      "inputs": {
        "nixpkgs": [
          "nixpkgs"
        ]
      },
      "locked": {
        "lastModified": 1754988908,
        "narHash": "sha256-t+voe2961vCgrzPFtZxha0/kmFSHFobzF00sT8p9h0U=",
        "owner": "Mic92",
        "repo": "sops-nix",
        "rev": "3223c7a92724b5d804e9988c6b447a0d09017d48",
        "type": "github"
      },
      "original": {
        "owner": "Mic92",
        "repo": "sops-nix",
        "type": "github"
      }
    },
    "stardict": {
      "locked": {
        "lastModified": 1735089887,
        "narHash": "sha256-bxdN9XHaeJDu5ti5tUMIknwrB44g/txMYK/CwgxiE2M=",
        "owner": "ausbxuse",
        "repo": "stardict",
        "rev": "8d9a12ea878bbaf777f1b7a98af8231ae1c29635",
        "type": "github"
      },
      "original": {
        "owner": "ausbxuse",
        "repo": "stardict",
        "type": "github"
      }
    },
    "wallpapers": {
      "inputs": {
        "nixpkgs": "nixpkgs_4"
      },
      "locked": {
        "lastModified": 1735088802,
        "narHash": "sha256-NnrxaqJ5Ha7MQ2aa13mgGYJgSlTaZiqSWJbpOsMx3pI=",
        "owner": "ausbxuse",
        "repo": "wallpapers",
        "rev": "f2d00bc17e089f3cd4d9c0fe15e650ee81fe7db1",
        "type": "github"
      },
      "original": {
        "owner": "ausbxuse",
        "repo": "wallpapers",
        "type": "github"
      }
    },
    "zsh-better-prompt": {
      "inputs": {
        "nixpkgs": [
          "nixpkgs"
        ]
      },
      "locked": {
        "lastModified": 1758103320,
        "narHash": "sha256-ByZv/v86iH3rIipEbUqjozeLoHe4POTm6P1Lu2eikzk=",
        "owner": "ausbxuse",
        "repo": "zsh-better-prompt",
        "rev": "181a750ff248cdce77fb5e28c2e57965753b4879",
        "type": "github"
      },
      "original": {
        "owner": "ausbxuse",
        "repo": "zsh-better-prompt",
        "type": "github"
      }
    }
  },
  "root": "root",
  "version": 7
}
